github.com/Bofry/arg v0.3.0 h1:R1/knpDenom52dvXP+sxx5ZtcULB95V1wpfBHsCAQrM=
github.com/Bofry/arg v0.3.0/go.mod h1:RFp1LK5aoRlRkIAsl/npnMM1AqAsmZpbBjV1SDivcJU=
github.com/Bofry/structproto v0.2.2 h1:NOe1/yc4xYAUzWoiZG+7ComUgLR7t+NfdbfASLGqhcc=
github.com/Bofry/structproto v0.2.2/go.mod h1:j4dn8G1MhaBWHQBljNOkaDk8D5aW3Y/+Q/3hxQRNPKo=
github.com/Bofry/types v0.1.0 h1:lEM+LcPWlC1ByerJlp0cZ4tCCosR9lemVDvu9kATV1Y=
github.com/Bofry/types v0.1.0/go.mod h1:O0I2TpZ3YfKDgTnJO5zeaX9LO7vtdhGnwbz/oP4cKUw=
github.com/cstockton/go-conv v0.0.0-20170524002450-66a2b2ba36e1/go.mod h1:MBKpQ5HV5wcT/nQYoEqjSMiXwxPouaReOs2f4kj70SQ=
github.com/cstockton/go-conv v1.0.0 h1:zj/q/0MpQ/97XfiC9glWiohO8lhgR4TTnHYZifLTv6I=
github.com/cstockton/go-conv v1.0.0/go.mod h1:HuiHkkRgOA0IoBNPC7ysG7kNpjDYlgM7Kj62yQPxjy4=
github.com/davecgh/go-spew v1.1.0/go.mod h1:J7Y8YcW2NihsgmVo/mv3lAwl/skON4iLHjSsI+c5H38=
github.com/davecgh/go-spew v1.1.1/go.mod h1:J7Y8YcW2NihsgmVo/mv3lAwl/skON4iLHjSsI+c5H38=
github.com/pmezard/go-difflib v1.0.0/go.mod h1:iKH77koFhYxTK1pcRnkKkqfTogsbg7gZNVY4sRDYZ/4=
github.com/shopspring/decimal v1.4.0 h1:bxl37RwXBklmTi0C79JfXCEBD1cqqHt0bbgBAGFp81k=
github.com/shopspring/decimal v1.4.0/go.mod h1:gawqmDU56v4yIKSwfBSFip1HdCCXN8/+DMd9qYNcwME=
github.com/stretchr/objx v0.1.0/go.mod h1:HFkY916IF+rwdDfMAkV7OtwuqBVzrE8GR6GFx+wExME=
github.com/stretchr/objx v0.4.0/go.mod h1:YvHI0jy2hoMjB+UWwv71VJQ9isScKT/TqJzVSSt89Yw=
github.com/stretchr/objx v0.5.0/go.mod h1:Yh+to48EsGEfYuaHDzXPcE3xhTkx73EhmCGUpEOglKo=
github.com/stretchr/testify v1.7.1/go.mod h1:6Fq8oRcR53rry900zMqJjRRixrwX3KX962/h/Wwjteg=
github.com/stretchr/testify v1.8.0/go.mod h1:yNjHg4UonilssWZ8iaSj1OCr/vHnekPRkoO+kdMU+MU=
github.com/stretchr/testify v1.8.4/go.mod h1:sz/lmYIOXD/1dqDmKjjqLyZ2RngseejIcXlSw2iwfAo=
go.openly.dev/pointy v1.3.0 h1:keht3ObkbDNdY8PWPwB7Kcqk+MAlNStk5kXZTxukE68=
go.openly.dev/pointy v1.3.0/go.mod h1:rccSKiQDQ2QkNfSVT2KG8Budnfhf3At8IWxy/3ElYes=
golang.org/x/mod v0.6.0 h1:b9gGHsz9/HhJ3HF5DHQytPpuwocVTChQJK3AvoLRD5I=
golang.org/x/mod v0.6.0/go.mod h1:4mET923SAdbXp2ki8ey+zGs1SLqsuM2Y0uvdZR/fUNI=
golang.org/x/sys v0.6.0 h1:MVltZSvRTcU2ljQOhs94SXPftV6DCNnZViHeQps87pQ=
golang.org/x/sys v0.6.0/go.mod h1:oPkhp1MJrh7nUepCBck5+mAzfO9JrbApNNgaTdGDITg=
golang.org/x/tools v0.2.0 h1:G6AHpWxTMGY1KyEYoAQ5WTtIekUUvDNjan3ugu60JvE=
golang.org/x/tools v0.2.0/go.mod h1:y4OqIKeOV/fWJetJ8bXPU1sEVniLMIyDAZWeHdV+NTA=
gopkg.in/check.v1 v0.0.0-20161208181325-20d25e280405/go.mod h1:Co6ibVJAznAaIkqp8huTwlJQCZ016jof/cbN4VW5Yz0=
gopkg.in/yaml.v3 v3.0.0-20200313102051-9f266ea9e77c/go.mod h1:K4uyk7z7BCEPqu6E+C64Yfv1cQ7kz7rIZviUmN+EgEM=
gopkg.in/yaml.v3 v3.0.1/go.mod h1:K4uyk7z7BCEPqu6E+C64Yfv1cQ7kz7rIZviUmN+EgEM=
